{
  "object": {
    "pins": [
      {
        "package": "PublisherKit",
        "repositoryURL": "https://github.com/ragzy15/PublisherKit",
        "state": {
          "branch": "networker",
          "revision": "337b59437bd663784bafaf2b1dee5d6374e7ded7",
          "version": null
        }
      }
    ]
  },
  "version": 1
}
