{
  "object": {
    "pins": [
      {
        "package": "PublisherKit",
        "repositoryURL": "https://github.com/ragzy15/PublisherKit",
        "state": {
          "branch": "networker",
          "revision": "33df3b65530378bcfea325d3ecde48e012784d40",
          "version": null
        }
      }
    ]
  },
  "version": 1
}
