{
  "object": {
    "pins": [
      {
        "package": "PublisherKit",
        "repositoryURL": "https://github.com/ragzy15/PublisherKit",
        "state": {
          "branch": "networker",
          "revision": "8247d8dbf41a78b383bf94acc19d11bceeb19ea7",
          "version": null
        }
      }
    ]
  },
  "version": 1
}
